
Microsoft Visual Studio Solution File, Format Version 12.00
# Visual Studio Version 17
VisualStudioVersion = 17.13.35825.156
MinimumVisualStudioVersion = 10.0.40219.1
Project("{FAE04EC0-301F-11D3-BF4B-00C04F79EFBC}") = "NZWalks.API", "NZWalks.API\NZWalks.API.csproj", "{4CC1A139-DDC5-4C18-A4E6-24E4BCA9925A}"
EndProject
Project("{FAE04EC0-301F-11D3-BF4B-00C04F79EFBC}") = "NZWalks.UI", "NZWalks.UI\NZWalks.UI.csproj", "{BECF5941-1C28-4C97-86B9-383A8B4DB10A}"
EndProject
Global
	GlobalSection(SolutionConfigurationPlatforms) = preSolution
		Debug|Any CPU = Debug|Any CPU
		Release|Any CPU = Release|Any CPU
	EndGlobalSection
	GlobalSection(ProjectConfigurationPlatforms) = postSolution
		{4CC1A139-DDC5-4C18-A4E6-24E4BCA9925A}.Debug|Any CPU.ActiveCfg = Debug|Any CPU
		{4CC1A139-DDC5-4C18-A4E6-24E4BCA9925A}.Debug|Any CPU.Build.0 = Debug|Any CPU
		{4CC1A139-DDC5-4C18-A4E6-24E4BCA9925A}.Release|Any CPU.ActiveCfg = Release|Any CPU
		{4CC1A139-DDC5-4C18-A4E6-24E4BCA9925A}.Release|Any CPU.Build.0 = Release|Any CPU
		{BECF5941-1C28-4C97-86B9-383A8B4DB10A}.Debug|Any CPU.ActiveCfg = Debug|Any CPU
		{BECF5941-1C28-4C97-86B9-383A8B4DB10A}.Debug|Any CPU.Build.0 = Debug|Any CPU
		{BECF5941-1C28-4C97-86B9-383A8B4DB10A}.Release|Any CPU.ActiveCfg = Release|Any CPU
		{BECF5941-1C28-4C97-86B9-383A8B4DB10A}.Release|Any CPU.Build.0 = Release|Any CPU
	EndGlobalSection
	GlobalSection(SolutionProperties) = preSolution
		HideSolutionNode = FALSE
	EndGlobalSection
	GlobalSection(ExtensibilityGlobals) = postSolution
		SolutionGuid = {04A641F1-C82F-46E5-A28F-DC9E66161A78}
	EndGlobalSection
EndGlobal
